
Microsoft Visual Studio Solution File, Format Version 12.00
# Visual Studio 15
Project("{FAE04EC0-301F-11D3-BF4B-00C04F79EFBC}") = "UnityEngine.UI", "UnityEngine.UI.csproj", "{6662E3B0-F53A-979C-9DEB-B468DB8351A8}"
EndProject
Project("{FAE04EC0-301F-11D3-BF4B-00C04F79EFBC}") = "UnityEngine.TestRunner", "UnityEngine.TestRunner.csproj", "{3A60A078-C2FD-AAC0-041B-C6CACCC1B3BE}"
EndProject
Project("{FAE04EC0-301F-11D3-BF4B-00C04F79EFBC}") = "Assembly-CSharp", "Assembly-CSharp.csproj", "{1455667B-1E17-1AFB-345A-04656FE35D7E}"
EndProject
Project("{FAE04EC0-301F-11D3-BF4B-00C04F79EFBC}") = "Unity.TextMeshPro", "Unity.TextMeshPro.csproj", "{49C9B390-3026-1DFF-00B0-A8F1D5ACD59A}"
EndProject
Project("{FAE04EC0-301F-11D3-BF4B-00C04F79EFBC}") = "Unity.Timeline", "Unity.Timeline.csproj", "{AFBB95D5-65B5-3E15-43BB-680CA1FAFB7C}"
EndProject
Project("{FAE04EC0-301F-11D3-BF4B-00C04F79EFBC}") = "Assembly-CSharp-firstpass", "Assembly-CSharp-firstpass.csproj", "{DBEC1AAD-B903-0530-F77C-ED865EE17EC0}"
EndProject
Project("{FAE04EC0-301F-11D3-BF4B-00C04F79EFBC}") = "Unity.TextMeshPro.Editor", "Unity.TextMeshPro.Editor.csproj", "{DF37C97A-375B-4BD8-7B61-60C0D51FAB01}"
EndProject
Project("{FAE04EC0-301F-11D3-BF4B-00C04F79EFBC}") = "Unity.Timeline.Editor", "Unity.Timeline.Editor.csproj", "{66BD467C-72CD-F0E1-5ACA-764F834217B7}"
EndProject
Project("{FAE04EC0-301F-11D3-BF4B-00C04F79EFBC}") = "UnityEditor.TestRunner", "UnityEditor.TestRunner.csproj", "{B2772A9E-3D4D-07CD-3B47-87FFF3837DED}"
EndProject
Project("{FAE04EC0-301F-11D3-BF4B-00C04F79EFBC}") = "Assembly-CSharp-Editor-firstpass", "Assembly-CSharp-Editor-firstpass.csproj", "{C6E9D034-1E5E-B819-DF20-588F5883A7D6}"
EndProject
Project("{FAE04EC0-301F-11D3-BF4B-00C04F79EFBC}") = "UnityEditor.UI", "UnityEditor.UI.csproj", "{A5812583-D416-83BF-7797-B02244F2E057}"
EndProject
Project("{FAE04EC0-301F-11D3-BF4B-00C04F79EFBC}") = "Unity.Rider.Editor", "Unity.Rider.Editor.csproj", "{A277E3FF-8359-EDC6-6EDF-DF3F739AEF0F}"
EndProject
Project("{FAE04EC0-301F-11D3-BF4B-00C04F79EFBC}") = "Unity.CollabProxy.Editor", "Unity.CollabProxy.Editor.csproj", "{189EE857-1D88-8E7B-4BF7-3671CB6CFDB1}"
EndProject
Project("{FAE04EC0-301F-11D3-BF4B-00C04F79EFBC}") = "Unity.VSCode.Editor", "Unity.VSCode.Editor.csproj", "{AB8DE695-FBC1-5131-BE33-553FE2C9068D}"
EndProject
Global
	GlobalSection(SolutionConfigurationPlatforms) = preSolution
		Debug|Any CPU = Debug|Any CPU
		Release|Any CPU = Release|Any CPU
	EndGlobalSection
	GlobalSection(ProjectConfigurationPlatforms) = postSolution
		{6662E3B0-F53A-979C-9DEB-B468DB8351A8}.Debug|Any CPU.ActiveCfg = Debug|Any CPU
		{6662E3B0-F53A-979C-9DEB-B468DB8351A8}.Debug|Any CPU.Build.0 = Debug|Any CPU
		{6662E3B0-F53A-979C-9DEB-B468DB8351A8}.Release|Any CPU.ActiveCfg = Release|Any CPU
		{6662E3B0-F53A-979C-9DEB-B468DB8351A8}.Release|Any CPU.Build.0 = Release|Any CPU
		{3A60A078-C2FD-AAC0-041B-C6CACCC1B3BE}.Debug|Any CPU.ActiveCfg = Debug|Any CPU
		{3A60A078-C2FD-AAC0-041B-C6CACCC1B3BE}.Debug|Any CPU.Build.0 = Debug|Any CPU
		{3A60A078-C2FD-AAC0-041B-C6CACCC1B3BE}.Release|Any CPU.ActiveCfg = Release|Any CPU
		{3A60A078-C2FD-AAC0-041B-C6CACCC1B3BE}.Release|Any CPU.Build.0 = Release|Any CPU
		{1455667B-1E17-1AFB-345A-04656FE35D7E}.Debug|Any CPU.ActiveCfg = Debug|Any CPU
		{1455667B-1E17-1AFB-345A-04656FE35D7E}.Debug|Any CPU.Build.0 = Debug|Any CPU
		{1455667B-1E17-1AFB-345A-04656FE35D7E}.Release|Any CPU.ActiveCfg = Release|Any CPU
		{1455667B-1E17-1AFB-345A-04656FE35D7E}.Release|Any CPU.Build.0 = Release|Any CPU
		{49C9B390-3026-1DFF-00B0-A8F1D5ACD59A}.Debug|Any CPU.ActiveCfg = Debug|Any CPU
		{49C9B390-3026-1DFF-00B0-A8F1D5ACD59A}.Debug|Any CPU.Build.0 = Debug|Any CPU
		{49C9B390-3026-1DFF-00B0-A8F1D5ACD59A}.Release|Any CPU.ActiveCfg = Release|Any CPU
		{49C9B390-3026-1DFF-00B0-A8F1D5ACD59A}.Release|Any CPU.Build.0 = Release|Any CPU
		{AFBB95D5-65B5-3E15-43BB-680CA1FAFB7C}.Debug|Any CPU.ActiveCfg = Debug|Any CPU
		{AFBB95D5-65B5-3E15-43BB-680CA1FAFB7C}.Debug|Any CPU.Build.0 = Debug|Any CPU
		{AFBB95D5-65B5-3E15-43BB-680CA1FAFB7C}.Release|Any CPU.ActiveCfg = Release|Any CPU
		{AFBB95D5-65B5-3E15-43BB-680CA1FAFB7C}.Release|Any CPU.Build.0 = Release|Any CPU
		{DBEC1AAD-B903-0530-F77C-ED865EE17EC0}.Debug|Any CPU.ActiveCfg = Debug|Any CPU
		{DBEC1AAD-B903-0530-F77C-ED865EE17EC0}.Debug|Any CPU.Build.0 = Debug|Any CPU
		{DBEC1AAD-B903-0530-F77C-ED865EE17EC0}.Release|Any CPU.ActiveCfg = Release|Any CPU
		{DBEC1AAD-B903-0530-F77C-ED865EE17EC0}.Release|Any CPU.Build.0 = Release|Any CPU
		{DF37C97A-375B-4BD8-7B61-60C0D51FAB01}.Debug|Any CPU.ActiveCfg = Debug|Any CPU
		{DF37C97A-375B-4BD8-7B61-60C0D51FAB01}.Debug|Any CPU.Build.0 = Debug|Any CPU
		{DF37C97A-375B-4BD8-7B61-60C0D51FAB01}.Release|Any CPU.ActiveCfg = Release|Any CPU
		{DF37C97A-375B-4BD8-7B61-60C0D51FAB01}.Release|Any CPU.Build.0 = Release|Any CPU
		{66BD467C-72CD-F0E1-5ACA-764F834217B7}.Debug|Any CPU.ActiveCfg = Debug|Any CPU
		{66BD467C-72CD-F0E1-5ACA-764F834217B7}.Debug|Any CPU.Build.0 = Debug|Any CPU
		{66BD467C-72CD-F0E1-5ACA-764F834217B7}.Release|Any CPU.ActiveCfg = Release|Any CPU
		{66BD467C-72CD-F0E1-5ACA-764F834217B7}.Release|Any CPU.Build.0 = Release|Any CPU
		{B2772A9E-3D4D-07CD-3B47-87FFF3837DED}.Debug|Any CPU.ActiveCfg = Debug|Any CPU
		{B2772A9E-3D4D-07CD-3B47-87FFF3837DED}.Debug|Any CPU.Build.0 = Debug|Any CPU
		{B2772A9E-3D4D-07CD-3B47-87FFF3837DED}.Release|Any CPU.ActiveCfg = Release|Any CPU
		{B2772A9E-3D4D-07CD-3B47-87FFF3837DED}.Release|Any CPU.Build.0 = Release|Any CPU
		{C6E9D034-1E5E-B819-DF20-588F5883A7D6}.Debug|Any CPU.ActiveCfg = Debug|Any CPU
		{C6E9D034-1E5E-B819-DF20-588F5883A7D6}.Debug|Any CPU.Build.0 = Debug|Any CPU
		{C6E9D034-1E5E-B819-DF20-588F5883A7D6}.Release|Any CPU.ActiveCfg = Release|Any CPU
		{C6E9D034-1E5E-B819-DF20-588F5883A7D6}.Release|Any CPU.Build.0 = Release|Any CPU
		{A5812583-D416-83BF-7797-B02244F2E057}.Debug|Any CPU.ActiveCfg = Debug|Any CPU
		{A5812583-D416-83BF-7797-B02244F2E057}.Debug|Any CPU.Build.0 = Debug|Any CPU
		{A5812583-D416-83BF-7797-B02244F2E057}.Release|Any CPU.ActiveCfg = Release|Any CPU
		{A5812583-D416-83BF-7797-B02244F2E057}.Release|Any CPU.Build.0 = Release|Any CPU
		{A277E3FF-8359-EDC6-6EDF-DF3F739AEF0F}.Debug|Any CPU.ActiveCfg = Debug|Any CPU
		{A277E3FF-8359-EDC6-6EDF-DF3F739AEF0F}.Debug|Any CPU.Build.0 = Debug|Any CPU
		{A277E3FF-8359-EDC6-6EDF-DF3F739AEF0F}.Release|Any CPU.ActiveCfg = Release|Any CPU
		{A277E3FF-8359-EDC6-6EDF-DF3F739AEF0F}.Release|Any CPU.Build.0 = Release|Any CPU
		{189EE857-1D88-8E7B-4BF7-3671CB6CFDB1}.Debug|Any CPU.ActiveCfg = Debug|Any CPU
		{189EE857-1D88-8E7B-4BF7-3671CB6CFDB1}.Debug|Any CPU.Build.0 = Debug|Any CPU
		{189EE857-1D88-8E7B-4BF7-3671CB6CFDB1}.Release|Any CPU.ActiveCfg = Release|Any CPU
		{189EE857-1D88-8E7B-4BF7-3671CB6CFDB1}.Release|Any CPU.Build.0 = Release|Any CPU
		{AB8DE695-FBC1-5131-BE33-553FE2C9068D}.Debug|Any CPU.ActiveCfg = Debug|Any CPU
		{AB8DE695-FBC1-5131-BE33-553FE2C9068D}.Debug|Any CPU.Build.0 = Debug|Any CPU
		{AB8DE695-FBC1-5131-BE33-553FE2C9068D}.Release|Any CPU.ActiveCfg = Release|Any CPU
		{AB8DE695-FBC1-5131-BE33-553FE2C9068D}.Release|Any CPU.Build.0 = Release|Any CPU
	EndGlobalSection
	GlobalSection(SolutionProperties) = preSolution
		HideSolutionNode = FALSE
	EndGlobalSection
EndGlobal
